// !$*UTF8*$!
{
	archiveVersion = 1;
	classes = {
	};
	objectVersion = 46;
	objects = {

/* Begin PBXBuildFile section */
		84B04DBC1E686721001C5C16 /* AppDelegate.swift in Sources */ = {isa = PBXBuildFile; fileRef = 84B04DBB1E686721001C5C16 /* AppDelegate.swift */; };
		84B04DBE1E686721001C5C16 /* ViewController.swift in Sources */ = {isa = PBXBuildFile; fileRef = 84B04DBD1E686721001C5C16 /* ViewController.swift */; };
		84B04DC11E686721001C5C16 /* Main.storyboard in Resources */ = {isa = PBXBuildFile; fileRef = 84B04DBF1E686721001C5C16 /* Main.storyboard */; };
		84B04DC31E686724001C5C16 /* Assets.xcassets in Resources */ = {isa = PBXBuildFile; fileRef = 84B04DC21E686724001C5C16 /* Assets.xcassets */; };
		84B04DC61E686725001C5C16 /* LaunchScreen.storyboard in Resources */ = {isa = PBXBuildFile; fileRef = 84B04DC41E686725001C5C16 /* LaunchScreen.storyboard */; };
		84B04DD11E686725001C5C16 /* sampleUItestTests.swift in Sources */ = {isa = PBXBuildFile; fileRef = 84B04DD01E686725001C5C16 /* sampleUItestTests.swift */; };
		84B04DDC1E686726001C5C16 /* sampleUItestUITests.swift in Sources */ = {isa = PBXBuildFile; fileRef = 84B04DDB1E686726001C5C16 /* sampleUItestUITests.swift */; };
		B366F5F708EBC1568BD583FA /* Pods_sampleUItestUITests.framework in Frameworks */ = {isa = PBXBuildFile; fileRef = 1206BAE1DD731BF91ACC8BC4 /* Pods_sampleUItestUITests.framework */; };
		DE10ADB935ECBC11DC4655D8 /* Pods_sampleUItest.framework in Frameworks */ = {isa = PBXBuildFile; fileRef = 2AEA896285184C6AB9CE6605 /* Pods_sampleUItest.framework */; };
		E49BE8CBD3CF805E6AD73090 /* Pods_sampleUItestTests.framework in Frameworks */ = {isa = PBXBuildFile; fileRef = 804776DFA69DBC62B0604557 /* Pods_sampleUItestTests.framework */; };
/* End PBXBuildFile section */

/* Begin PBXContainerItemProxy section */
		84B04DCD1E686725001C5C16 /* PBXContainerItemProxy */ = {
			isa = PBXContainerItemProxy;
			containerPortal = 84B04DB01E68671E001C5C16 /* Project object */;
			proxyType = 1;
			remoteGlobalIDString = 84B04DB71E68671F001C5C16;
			remoteInfo = sampleUItest;
		};
		84B04DD81E686726001C5C16 /* PBXContainerItemProxy */ = {
			isa = PBXContainerItemProxy;
			containerPortal = 84B04DB01E68671E001C5C16 /* Project object */;
			proxyType = 1;
			remoteGlobalIDString = 84B04DB71E68671F001C5C16;
			remoteInfo = sampleUItest;
		};
/* End PBXContainerItemProxy section */

/* Begin PBXFileReference section */
		0EFE2F8356B157E7DFD2453F /* Pods-sampleUItestTests.release.xcconfig */ = {isa = PBXFileReference; includeInIndex = 1; lastKnownFileType = text.xcconfig; name = "Pods-sampleUItestTests.release.xcconfig"; path = "Pods/Target Support Files/Pods-sampleUItestTests/Pods-sampleUItestTests.release.xcconfig"; sourceTree = "<group>"; };
		1206BAE1DD731BF91ACC8BC4 /* Pods_sampleUItestUITests.framework */ = {isa = PBXFileReference; explicitFileType = wrapper.framework; includeInIndex = 0; path = Pods_sampleUItestUITests.framework; sourceTree = BUILT_PRODUCTS_DIR; };
		2AEA896285184C6AB9CE6605 /* Pods_sampleUItest.framework */ = {isa = PBXFileReference; explicitFileType = wrapper.framework; includeInIndex = 0; path = Pods_sampleUItest.framework; sourceTree = BUILT_PRODUCTS_DIR; };
		308ED576997F0DF626FD9ACE /* Pods-sampleUItest.release.xcconfig */ = {isa = PBXFileReference; includeInIndex = 1; lastKnownFileType = text.xcconfig; name = "Pods-sampleUItest.release.xcconfig"; path = "Pods/Target Support Files/Pods-sampleUItest/Pods-sampleUItest.release.xcconfig"; sourceTree = "<group>"; };
		4AB378026BA69D87BC78BEBB /* Pods-sampleUItestUITests.release.xcconfig */ = {isa = PBXFileReference; includeInIndex = 1; lastKnownFileType = text.xcconfig; name = "Pods-sampleUItestUITests.release.xcconfig"; path = "Pods/Target Support Files/Pods-sampleUItestUITests/Pods-sampleUItestUITests.release.xcconfig"; sourceTree = "<group>"; };
		804776DFA69DBC62B0604557 /* Pods_sampleUItestTests.framework */ = {isa = PBXFileReference; explicitFileType = wrapper.framework; includeInIndex = 0; path = Pods_sampleUItestTests.framework; sourceTree = BUILT_PRODUCTS_DIR; };
		84B04DB81E68671F001C5C16 /* sampleUItest.app */ = {isa = PBXFileReference; explicitFileType = wrapper.application; includeInIndex = 0; path = sampleUItest.app; sourceTree = BUILT_PRODUCTS_DIR; };
		84B04DBB1E686721001C5C16 /* AppDelegate.swift */ = {isa = PBXFileReference; lastKnownFileType = sourcecode.swift; path = AppDelegate.swift; sourceTree = "<group>"; };
		84B04DBD1E686721001C5C16 /* ViewController.swift */ = {isa = PBXFileReference; lastKnownFileType = sourcecode.swift; path = ViewController.swift; sourceTree = "<group>"; };
		84B04DC01E686721001C5C16 /* Base */ = {isa = PBXFileReference; lastKnownFileType = file.storyboard; name = Base; path = Base.lproj/Main.storyboard; sourceTree = "<group>"; };
		84B04DC21E686724001C5C16 /* Assets.xcassets */ = {isa = PBXFileReference; lastKnownFileType = folder.assetcatalog; path = Assets.xcassets; sourceTree = "<group>"; };
		84B04DC51E686725001C5C16 /* Base */ = {isa = PBXFileReference; lastKnownFileType = file.storyboard; name = Base; path = Base.lproj/LaunchScreen.storyboard; sourceTree = "<group>"; };
		84B04DC71E686725001C5C16 /* Info.plist */ = {isa = PBXFileReference; lastKnownFileType = text.plist.xml; path = Info.plist; sourceTree = "<group>"; };
		84B04DCC1E686725001C5C16 /* sampleUItestTests.xctest */ = {isa = PBXFileReference; explicitFileType = wrapper.cfbundle; includeInIndex = 0; path = sampleUItestTests.xctest; sourceTree = BUILT_PRODUCTS_DIR; };
		84B04DD01E686725001C5C16 /* sampleUItestTests.swift */ = {isa = PBXFileReference; lastKnownFileType = sourcecode.swift; path = sampleUItestTests.swift; sourceTree = "<group>"; };
		84B04DD21E686726001C5C16 /* Info.plist */ = {isa = PBXFileReference; lastKnownFileType = text.plist.xml; path = Info.plist; sourceTree = "<group>"; };
		84B04DD71E686726001C5C16 /* sampleUItestUITests.xctest */ = {isa = PBXFileReference; explicitFileType = wrapper.cfbundle; includeInIndex = 0; path = sampleUItestUITests.xctest; sourceTree = BUILT_PRODUCTS_DIR; };
		84B04DDB1E686726001C5C16 /* sampleUItestUITests.swift */ = {isa = PBXFileReference; lastKnownFileType = sourcecode.swift; path = sampleUItestUITests.swift; sourceTree = "<group>"; };
		84B04DDD1E686726001C5C16 /* Info.plist */ = {isa = PBXFileReference; lastKnownFileType = text.plist.xml; path = Info.plist; sourceTree = "<group>"; };
		95BFFD41FC5EBB1889836575 /* Pods-sampleUItestTests.debug.xcconfig */ = {isa = PBXFileReference; includeInIndex = 1; lastKnownFileType = text.xcconfig; name = "Pods-sampleUItestTests.debug.xcconfig"; path = "Pods/Target Support Files/Pods-sampleUItestTests/Pods-sampleUItestTests.debug.xcconfig"; sourceTree = "<group>"; };
		F800EBC2E0B84F96CB7C868A /* Pods-sampleUItestUITests.debug.xcconfig */ = {isa = PBXFileReference; includeInIndex = 1; lastKnownFileType = text.xcconfig; name = "Pods-sampleUItestUITests.debug.xcconfig"; path = "Pods/Target Support Files/Pods-sampleUItestUITests/Pods-sampleUItestUITests.debug.xcconfig"; sourceTree = "<group>"; };
		FA2DB023230E12706F6238BB /* Pods-sampleUItest.debug.xcconfig */ = {isa = PBXFileReference; includeInIndex = 1; lastKnownFileType = text.xcconfig; name = "Pods-sampleUItest.debug.xcconfig"; path = "Pods/Target Support Files/Pods-sampleUItest/Pods-sampleUItest.debug.xcconfig"; sourceTree = "<group>"; };
/* End PBXFileReference section */

/* Begin PBXFrameworksBuildPhase section */
		84B04DB51E68671F001C5C16 /* Frameworks */ = {
			isa = PBXFrameworksBuildPhase;
			buildActionMask = 2147483647;
			files = (
				DE10ADB935ECBC11DC4655D8 /* Pods_sampleUItest.framework in Frameworks */,
			);
			runOnlyForDeploymentPostprocessing = 0;
		};
		84B04DC91E686725001C5C16 /* Frameworks */ = {
			isa = PBXFrameworksBuildPhase;
			buildActionMask = 2147483647;
			files = (
				E49BE8CBD3CF805E6AD73090 /* Pods_sampleUItestTests.framework in Frameworks */,
			);
			runOnlyForDeploymentPostprocessing = 0;
		};
		84B04DD41E686726001C5C16 /* Frameworks */ = {
			isa = PBXFrameworksBuildPhase;
			buildActionMask = 2147483647;
			files = (
				B366F5F708EBC1568BD583FA /* Pods_sampleUItestUITests.framework in Frameworks */,
			);
			runOnlyForDeploymentPostprocessing = 0;
		};
/* End PBXFrameworksBuildPhase section */

/* Begin PBXGroup section */
		421A2A1FA4E00AF0E10B9A70 /* Pods */ = {
			isa = PBXGroup;
			children = (
				FA2DB023230E12706F6238BB /* Pods-sampleUItest.debug.xcconfig */,
				308ED576997F0DF626FD9ACE /* Pods-sampleUItest.release.xcconfig */,
				95BFFD41FC5EBB1889836575 /* Pods-sampleUItestTests.debug.xcconfig */,
				0EFE2F8356B157E7DFD2453F /* Pods-sampleUItestTests.release.xcconfig */,
				F800EBC2E0B84F96CB7C868A /* Pods-sampleUItestUITests.debug.xcconfig */,
				4AB378026BA69D87BC78BEBB /* Pods-sampleUItestUITests.release.xcconfig */,
			);
			name = Pods;
			sourceTree = "<group>";
		};
		84B04DAF1E68671E001C5C16 = {
			isa = PBXGroup;
			children = (
				84B04DBA1E686720001C5C16 /* sampleUItest */,
				84B04DCF1E686725001C5C16 /* sampleUItestTests */,
				84B04DDA1E686726001C5C16 /* sampleUItestUITests */,
				84B04DB91E68671F001C5C16 /* Products */,
				421A2A1FA4E00AF0E10B9A70 /* Pods */,
				F597000FDC8AAAA7D095BBAC /* Frameworks */,
			);
			sourceTree = "<group>";
		};
		84B04DB91E68671F001C5C16 /* Products */ = {
			isa = PBXGroup;
			children = (
				84B04DB81E68671F001C5C16 /* sampleUItest.app */,
				84B04DCC1E686725001C5C16 /* sampleUItestTests.xctest */,
				84B04DD71E686726001C5C16 /* sampleUItestUITests.xctest */,
			);
			name = Products;
			sourceTree = "<group>";
		};
		84B04DBA1E686720001C5C16 /* sampleUItest */ = {
			isa = PBXGroup;
			children = (
				84B04DBB1E686721001C5C16 /* AppDelegate.swift */,
				84B04DBD1E686721001C5C16 /* ViewController.swift */,
				84B04DBF1E686721001C5C16 /* Main.storyboard */,
				84B04DC21E686724001C5C16 /* Assets.xcassets */,
				84B04DC41E686725001C5C16 /* LaunchScreen.storyboard */,
				84B04DC71E686725001C5C16 /* Info.plist */,
			);
			path = sampleUItest;
			sourceTree = "<group>";
		};
		84B04DCF1E686725001C5C16 /* sampleUItestTests */ = {
			isa = PBXGroup;
			children = (
				84B04DD01E686725001C5C16 /* sampleUItestTests.swift */,
				84B04DD21E686726001C5C16 /* Info.plist */,
			);
			path = sampleUItestTests;
			sourceTree = "<group>";
		};
		84B04DDA1E686726001C5C16 /* sampleUItestUITests */ = {
			isa = PBXGroup;
			children = (
				84B04DDB1E686726001C5C16 /* sampleUItestUITests.swift */,
				84B04DDD1E686726001C5C16 /* Info.plist */,
			);
			path = sampleUItestUITests;
			sourceTree = "<group>";
		};
		F597000FDC8AAAA7D095BBAC /* Frameworks */ = {
			isa = PBXGroup;
			children = (
				2AEA896285184C6AB9CE6605 /* Pods_sampleUItest.framework */,
				804776DFA69DBC62B0604557 /* Pods_sampleUItestTests.framework */,
				1206BAE1DD731BF91ACC8BC4 /* Pods_sampleUItestUITests.framework */,
			);
			name = Frameworks;
			sourceTree = "<group>";
		};
/* End PBXGroup section */

/* Begin PBXNativeTarget section */
		84B04DB71E68671F001C5C16 /* sampleUItest */ = {
			isa = PBXNativeTarget;
			buildConfigurationList = 84B04DE01E686726001C5C16 /* Build configuration list for PBXNativeTarget "sampleUItest" */;
			buildPhases = (
				4CE44B0D039CCB6976D70B69 /* [CP] Check Pods Manifest.lock */,
				84B04DB41E68671F001C5C16 /* Sources */,
				84B04DB51E68671F001C5C16 /* Frameworks */,
				84B04DB61E68671F001C5C16 /* Resources */,
				D72595F0FF38155011CBD17E /* [CP] Embed Pods Frameworks */,
				386930BEB37D3529F8B9E94B /* [CP] Copy Pods Resources */,
			);
			buildRules = (
			);
			dependencies = (
			);
			name = sampleUItest;
			productName = sampleUItest;
			productReference = 84B04DB81E68671F001C5C16 /* sampleUItest.app */;
			productType = "com.apple.product-type.application";
		};
		84B04DCB1E686725001C5C16 /* sampleUItestTests */ = {
			isa = PBXNativeTarget;
			buildConfigurationList = 84B04DE31E686726001C5C16 /* Build configuration list for PBXNativeTarget "sampleUItestTests" */;
			buildPhases = (
				6593F874C2D6D7A38A17E392 /* [CP] Check Pods Manifest.lock */,
				84B04DC81E686725001C5C16 /* Sources */,
				84B04DC91E686725001C5C16 /* Frameworks */,
				84B04DCA1E686725001C5C16 /* Resources */,
				4BFAAFA9D4DF237897959F57 /* [CP] Embed Pods Frameworks */,
				CE1C0DC10A42DC7B5463976B /* [CP] Copy Pods Resources */,
			);
			buildRules = (
			);
			dependencies = (
				84B04DCE1E686725001C5C16 /* PBXTargetDependency */,
			);
			name = sampleUItestTests;
			productName = sampleUItestTests;
			productReference = 84B04DCC1E686725001C5C16 /* sampleUItestTests.xctest */;
			productType = "com.apple.product-type.bundle.unit-test";
		};
		84B04DD61E686726001C5C16 /* sampleUItestUITests */ = {
			isa = PBXNativeTarget;
			buildConfigurationList = 84B04DE61E686726001C5C16 /* Build configuration list for PBXNativeTarget "sampleUItestUITests" */;
			buildPhases = (
				C93FA3F6DE8051437917E8BA /* [CP] Check Pods Manifest.lock */,
				84B04DD31E686726001C5C16 /* Sources */,
				84B04DD41E686726001C5C16 /* Frameworks */,
				84B04DD51E686726001C5C16 /* Resources */,
				BE969B865EA0B3BBF2E64D21 /* [CP] Embed Pods Frameworks */,
				A33EF11357FAFEFB1C66E5D5 /* [CP] Copy Pods Resources */,
			);
			buildRules = (
			);
			dependencies = (
				84B04DD91E686726001C5C16 /* PBXTargetDependency */,
			);
			name = sampleUItestUITests;
			productName = sampleUItestUITests;
			productReference = 84B04DD71E686726001C5C16 /* sampleUItestUITests.xctest */;
			productType = "com.apple.product-type.bundle.ui-testing";
		};
/* End PBXNativeTarget section */

/* Begin PBXProject section */
		84B04DB01E68671E001C5C16 /* Project object */ = {
			isa = PBXProject;
			attributes = {
				LastSwiftUpdateCheck = 0820;
				LastUpgradeCheck = 0820;
				ORGANIZATIONNAME = admin;
				TargetAttributes = {
					84B04DB71E68671F001C5C16 = {
						CreatedOnToolsVersion = 8.2.1;
						DevelopmentTeam = TFU2WWZ8G7;
						ProvisioningStyle = Manual;
					};
					84B04DCB1E686725001C5C16 = {
						CreatedOnToolsVersion = 8.2.1;
						DevelopmentTeam = TFU2WWZ8G7;
						ProvisioningStyle = Manual;
						TestTargetID = 84B04DB71E68671F001C5C16;
					};
					84B04DD61E686726001C5C16 = {
						CreatedOnToolsVersion = 8.2.1;
						DevelopmentTeam = TFU2WWZ8G7;
						ProvisioningStyle = Manual;
						TestTargetID = 84B04DB71E68671F001C5C16;
					};
				};
			};
			buildConfigurationList = 84B04DB31E68671E001C5C16 /* Build configuration list for PBXProject "sampleUItest" */;
			compatibilityVersion = "Xcode 3.2";
			developmentRegion = English;
			hasScannedForEncodings = 0;
			knownRegions = (
				en,
				Base,
			);
			mainGroup = 84B04DAF1E68671E001C5C16;
			productRefGroup = 84B04DB91E68671F001C5C16 /* Products */;
			projectDirPath = "";
			projectRoot = "";
			targets = (
				84B04DB71E68671F001C5C16 /* sampleUItest */,
				84B04DCB1E686725001C5C16 /* sampleUItestTests */,
				84B04DD61E686726001C5C16 /* sampleUItestUITests */,
			);
		};
/* End PBXProject section */

/* Begin PBXResourcesBuildPhase section */
		84B04DB61E68671F001C5C16 /* Resources */ = {
			isa = PBXResourcesBuildPhase;
			buildActionMask = 2147483647;
			files = (
				84B04DC61E686725001C5C16 /* LaunchScreen.storyboard in Resources */,
				84B04DC31E686724001C5C16 /* Assets.xcassets in Resources */,
				84B04DC11E686721001C5C16 /* Main.storyboard in Resources */,
			);
			runOnlyForDeploymentPostprocessing = 0;
		};
		84B04DCA1E686725001C5C16 /* Resources */ = {
			isa = PBXResourcesBuildPhase;
			buildActionMask = 2147483647;
			files = (
			);
			runOnlyForDeploymentPostprocessing = 0;
		};
		84B04DD51E686726001C5C16 /* Resources */ = {
			isa = PBXResourcesBuildPhase;
			buildActionMask = 2147483647;
			files = (
			);
			runOnlyForDeploymentPostprocessing = 0;
		};
/* End PBXResourcesBuildPhase section */

/* Begin PBXShellScriptBuildPhase section */
		386930BEB37D3529F8B9E94B /* [CP] Copy Pods Resources */ = {
			isa = PBXShellScriptBuildPhase;
			buildActionMask = 2147483647;
			files = (
			);
			inputPaths = (
			);
			name = "[CP] Copy Pods Resources";
			outputPaths = (
			);
			runOnlyForDeploymentPostprocessing = 0;
			shellPath = /bin/sh;
			shellScript = "\"${SRCROOT}/Pods/Target Support Files/Pods-sampleUItest/Pods-sampleUItest-resources.sh\"\n";
			showEnvVarsInLog = 0;
		};
		4BFAAFA9D4DF237897959F57 /* [CP] Embed Pods Frameworks */ = {
			isa = PBXShellScriptBuildPhase;
			buildActionMask = 2147483647;
			files = (
			);
			inputPaths = (
			);
			name = "[CP] Embed Pods Frameworks";
			outputPaths = (
			);
			runOnlyForDeploymentPostprocessing = 0;
			shellPath = /bin/sh;
			shellScript = "\"${SRCROOT}/Pods/Target Support Files/Pods-sampleUItestTests/Pods-sampleUItestTests-frameworks.sh\"\n";
			showEnvVarsInLog = 0;
		};
		4CE44B0D039CCB6976D70B69 /* [CP] Check Pods Manifest.lock */ = {
			isa = PBXShellScriptBuildPhase;
			buildActionMask = 2147483647;
			files = (
			);
			inputPaths = (
			);
			name = "[CP] Check Pods Manifest.lock";
			outputPaths = (
			);
			runOnlyForDeploymentPostprocessing = 0;
			shellPath = /bin/sh;
			shellScript = "diff \"${PODS_ROOT}/../Podfile.lock\" \"${PODS_ROOT}/Manifest.lock\" > /dev/null\nif [ $? != 0 ] ; then\n    # print error to STDERR\n    echo \"error: The sandbox is not in sync with the Podfile.lock. Run 'pod install' or update your CocoaPods installation.\" >&2\n    exit 1\nfi\n";
			showEnvVarsInLog = 0;
		};
		6593F874C2D6D7A38A17E392 /* [CP] Check Pods Manifest.lock */ = {
			isa = PBXShellScriptBuildPhase;
			buildActionMask = 2147483647;
			files = (
			);
			inputPaths = (
			);
			name = "[CP] Check Pods Manifest.lock";
			outputPaths = (
			);
			runOnlyForDeploymentPostprocessing = 0;
			shellPath = /bin/sh;
			shellScript = "diff \"${PODS_ROOT}/../Podfile.lock\" \"${PODS_ROOT}/Manifest.lock\" > /dev/null\nif [ $? != 0 ] ; then\n    # print error to STDERR\n    echo \"error: The sandbox is not in sync with the Podfile.lock. Run 'pod install' or update your CocoaPods installation.\" >&2\n    exit 1\nfi\n";
			showEnvVarsInLog = 0;
		};
		A33EF11357FAFEFB1C66E5D5 /* [CP] Copy Pods Resources */ = {
			isa = PBXShellScriptBuildPhase;
			buildActionMask = 2147483647;
			files = (
			);
			inputPaths = (
			);
			name = "[CP] Copy Pods Resources";
			outputPaths = (
			);
			runOnlyForDeploymentPostprocessing = 0;
			shellPath = /bin/sh;
			shellScript = "\"${SRCROOT}/Pods/Target Support Files/Pods-sampleUItestUITests/Pods-sampleUItestUITests-resources.sh\"\n";
			showEnvVarsInLog = 0;
		};
		BE969B865EA0B3BBF2E64D21 /* [CP] Embed Pods Frameworks */ = {
			isa = PBXShellScriptBuildPhase;
			buildActionMask = 2147483647;
			files = (
			);
			inputPaths = (
			);
			name = "[CP] Embed Pods Frameworks";
			outputPaths = (
			);
			runOnlyForDeploymentPostprocessing = 0;
			shellPath = /bin/sh;
			shellScript = "\"${SRCROOT}/Pods/Target Support Files/Pods-sampleUItestUITests/Pods-sampleUItestUITests-frameworks.sh\"\n";
			showEnvVarsInLog = 0;
		};
		C93FA3F6DE8051437917E8BA /* [CP] Check Pods Manifest.lock */ = {
			isa = PBXShellScriptBuildPhase;
			buildActionMask = 2147483647;
			files = (
			);
			inputPaths = (
			);
			name = "[CP] Check Pods Manifest.lock";
			outputPaths = (
			);
			runOnlyForDeploymentPostprocessing = 0;
			shellPath = /bin/sh;
			shellScript = "diff \"${PODS_ROOT}/../Podfile.lock\" \"${PODS_ROOT}/Manifest.lock\" > /dev/null\nif [ $? != 0 ] ; then\n    # print error to STDERR\n    echo \"error: The sandbox is not in sync with the Podfile.lock. Run 'pod install' or update your CocoaPods installation.\" >&2\n    exit 1\nfi\n";
			showEnvVarsInLog = 0;
		};
		CE1C0DC10A42DC7B5463976B /* [CP] Copy Pods Resources */ = {
			isa = PBXShellScriptBuildPhase;
			buildActionMask = 2147483647;
			files = (
			);
			inputPaths = (
			);
			name = "[CP] Copy Pods Resources";
			outputPaths = (
			);
			runOnlyForDeploymentPostprocessing = 0;
			shellPath = /bin/sh;
			shellScript = "\"${SRCROOT}/Pods/Target Support Files/Pods-sampleUItestTests/Pods-sampleUItestTests-resources.sh\"\n";
			showEnvVarsInLog = 0;
		};
		D72595F0FF38155011CBD17E /* [CP] Embed Pods Frameworks */ = {
			isa = PBXShellScriptBuildPhase;
			buildActionMask = 2147483647;
			files = (
			);
			inputPaths = (
			);
			name = "[CP] Embed Pods Frameworks";
			outputPaths = (
			);
			runOnlyForDeploymentPostprocessing = 0;
			shellPath = /bin/sh;
			shellScript = "\"${SRCROOT}/Pods/Target Support Files/Pods-sampleUItest/Pods-sampleUItest-frameworks.sh\"\n";
			showEnvVarsInLog = 0;
		};
/* End PBXShellScriptBuildPhase section */

/* Begin PBXSourcesBuildPhase section */
		84B04DB41E68671F001C5C16 /* Sources */ = {
			isa = PBXSourcesBuildPhase;
			buildActionMask = 2147483647;
			files = (
				84B04DBE1E686721001C5C16 /* ViewController.swift in Sources */,
				84B04DBC1E686721001C5C16 /* AppDelegate.swift in Sources */,
			);
			runOnlyForDeploymentPostprocessing = 0;
		};
		84B04DC81E686725001C5C16 /* Sources */ = {
			isa = PBXSourcesBuildPhase;
			buildActionMask = 2147483647;
			files = (
				84B04DD11E686725001C5C16 /* sampleUItestTests.swift in Sources */,
			);
			runOnlyForDeploymentPostprocessing = 0;
		};
		84B04DD31E686726001C5C16 /* Sources */ = {
			isa = PBXSourcesBuildPhase;
			buildActionMask = 2147483647;
			files = (
				84B04DDC1E686726001C5C16 /* sampleUItestUITests.swift in Sources */,
			);
			runOnlyForDeploymentPostprocessing = 0;
		};
/* End PBXSourcesBuildPhase section */

/* Begin PBXTargetDependency section */
		84B04DCE1E686725001C5C16 /* PBXTargetDependency */ = {
			isa = PBXTargetDependency;
			target = 84B04DB71E68671F001C5C16 /* sampleUItest */;
			targetProxy = 84B04DCD1E686725001C5C16 /* PBXContainerItemProxy */;
		};
		84B04DD91E686726001C5C16 /* PBXTargetDependency */ = {
			isa = PBXTargetDependency;
			target = 84B04DB71E68671F001C5C16 /* sampleUItest */;
			targetProxy = 84B04DD81E686726001C5C16 /* PBXContainerItemProxy */;
		};
/* End PBXTargetDependency section */

/* Begin PBXVariantGroup section */
		84B04DBF1E686721001C5C16 /* Main.storyboard */ = {
			isa = PBXVariantGroup;
			children = (
				84B04DC01E686721001C5C16 /* Base */,
			);
			name = Main.storyboard;
			sourceTree = "<group>";
		};
		84B04DC41E686725001C5C16 /* LaunchScreen.storyboard */ = {
			isa = PBXVariantGroup;
			children = (
				84B04DC51E686725001C5C16 /* Base */,
			);
			name = LaunchScreen.storyboard;
			sourceTree = "<group>";
		};
/* End PBXVariantGroup section */

/* Begin XCBuildConfiguration section */
		84B04DDE1E686726001C5C16 /* Debug */ = {
			isa = XCBuildConfiguration;
			buildSettings = {
				ALWAYS_SEARCH_USER_PATHS = NO;
				CLANG_ANALYZER_NONNULL = YES;
				CLANG_CXX_LANGUAGE_STANDARD = "gnu++0x";
				CLANG_CXX_LIBRARY = "libc++";
				CLANG_ENABLE_MODULES = YES;
				CLANG_ENABLE_OBJC_ARC = YES;
				CLANG_WARN_BOOL_CONVERSION = YES;
				CLANG_WARN_CONSTANT_CONVERSION = YES;
				CLANG_WARN_DIRECT_OBJC_ISA_USAGE = YES_ERROR;
				CLANG_WARN_DOCUMENTATION_COMMENTS = YES;
				CLANG_WARN_EMPTY_BODY = YES;
				CLANG_WARN_ENUM_CONVERSION = YES;
				CLANG_WARN_INFINITE_RECURSION = YES;
				CLANG_WARN_INT_CONVERSION = YES;
				CLANG_WARN_OBJC_ROOT_CLASS = YES_ERROR;
				CLANG_WARN_SUSPICIOUS_MOVE = YES;
				CLANG_WARN_UNREACHABLE_CODE = YES;
				CLANG_WARN__DUPLICATE_METHOD_MATCH = YES;
				"CODE_SIGN_IDENTITY[sdk=iphoneos*]" = "iPhone Developer";
				COPY_PHASE_STRIP = NO;
				DEBUG_INFORMATION_FORMAT = dwarf;
				ENABLE_STRICT_OBJC_MSGSEND = YES;
				ENABLE_TESTABILITY = YES;
				GCC_C_LANGUAGE_STANDARD = gnu99;
				GCC_DYNAMIC_NO_PIC = NO;
				GCC_NO_COMMON_BLOCKS = YES;
				GCC_OPTIMIZATION_LEVEL = 0;
				GCC_PREPROCESSOR_DEFINITIONS = (
					"DEBUG=1",
					"$(inherited)",
				);
				GCC_WARN_64_TO_32_BIT_CONVERSION = YES;
				GCC_WARN_ABOUT_RETURN_TYPE = YES_ERROR;
				GCC_WARN_UNDECLARED_SELECTOR = YES;
				GCC_WARN_UNINITIALIZED_AUTOS = YES_AGGRESSIVE;
				GCC_WARN_UNUSED_FUNCTION = YES;
				GCC_WARN_UNUSED_VARIABLE = YES;
				IPHONEOS_DEPLOYMENT_TARGET = 9.0;
				MTL_ENABLE_DEBUG_INFO = YES;
				ONLY_ACTIVE_ARCH = YES;
				SDKROOT = iphoneos;
				SWIFT_ACTIVE_COMPILATION_CONDITIONS = DEBUG;
				SWIFT_OPTIMIZATION_LEVEL = "-Onone";
				SWIFT_VERSION = 2.3;
				TARGETED_DEVICE_FAMILY = "1,2";
			};
			name = Debug;
		};
		84B04DDF1E686726001C5C16 /* Release */ = {
			isa = XCBuildConfiguration;
			buildSettings = {
				ALWAYS_SEARCH_USER_PATHS = NO;
				CLANG_ANALYZER_NONNULL = YES;
				CLANG_CXX_LANGUAGE_STANDARD = "gnu++0x";
				CLANG_CXX_LIBRARY = "libc++";
				CLANG_ENABLE_MODULES = YES;
				CLANG_ENABLE_OBJC_ARC = YES;
				CLANG_WARN_BOOL_CONVERSION = YES;
				CLANG_WARN_CONSTANT_CONVERSION = YES;
				CLANG_WARN_DIRECT_OBJC_ISA_USAGE = YES_ERROR;
				CLANG_WARN_DOCUMENTATION_COMMENTS = YES;
				CLANG_WARN_EMPTY_BODY = YES;
				CLANG_WARN_ENUM_CONVERSION = YES;
				CLANG_WARN_INFINITE_RECURSION = YES;
				CLANG_WARN_INT_CONVERSION = YES;
				CLANG_WARN_OBJC_ROOT_CLASS = YES_ERROR;
				CLANG_WARN_SUSPICIOUS_MOVE = YES;
				CLANG_WARN_UNREACHABLE_CODE = YES;
				CLANG_WARN__DUPLICATE_METHOD_MATCH = YES;
				"CODE_SIGN_IDENTITY[sdk=iphoneos*]" = "iPhone Developer";
				COPY_PHASE_STRIP = NO;
				DEBUG_INFORMATION_FORMAT = "dwarf-with-dsym";
				ENABLE_NS_ASSERTIONS = NO;
				ENABLE_STRICT_OBJC_MSGSEND = YES;
				GCC_C_LANGUAGE_STANDARD = gnu99;
				GCC_NO_COMMON_BLOCKS = YES;
				GCC_WARN_64_TO_32_BIT_CONVERSION = YES;
				GCC_WARN_ABOUT_RETURN_TYPE = YES_ERROR;
				GCC_WARN_UNDECLARED_SELECTOR = YES;
				GCC_WARN_UNINITIALIZED_AUTOS = YES_AGGRESSIVE;
				GCC_WARN_UNUSED_FUNCTION = YES;
				GCC_WARN_UNUSED_VARIABLE = YES;
				IPHONEOS_DEPLOYMENT_TARGET = 9.0;
				MTL_ENABLE_DEBUG_INFO = NO;
				SDKROOT = iphoneos;
				SWIFT_OPTIMIZATION_LEVEL = "-Owholemodule";
				SWIFT_VERSION = 2.3;
				TARGETED_DEVICE_FAMILY = "1,2";
				VALIDATE_PRODUCT = YES;
			};
			name = Release;
		};
		84B04DE11E686726001C5C16 /* Debug */ = {
			isa = XCBuildConfiguration;
			baseConfigurationReference = FA2DB023230E12706F6238BB /* Pods-sampleUItest.debug.xcconfig */;
			buildSettings = {
				ASSETCATALOG_COMPILER_APPICON_NAME = AppIcon;
				DEVELOPMENT_TEAM = TFU2WWZ8G7;
				INFOPLIST_FILE = sampleUItest/Info.plist;
				LD_RUNPATH_SEARCH_PATHS = "$(inherited) @executable_path/Frameworks";
				PRODUCT_BUNDLE_IDENTIFIER = com.byteridge.GeenHouseCITest;
				PRODUCT_NAME = "$(TARGET_NAME)";
				PROVISIONING_PROFILE = "07fce8ba-0f17-4683-99cb-e3902cb203e9";
				PROVISIONING_PROFILE_SPECIFIER = GeenHouseCITest;
				SWIFT_VERSION = 2.3;
			};
			name = Debug;
		};
		84B04DE21E686726001C5C16 /* Release */ = {
			isa = XCBuildConfiguration;
			baseConfigurationReference = 308ED576997F0DF626FD9ACE /* Pods-sampleUItest.release.xcconfig */;
			buildSettings = {
				ASSETCATALOG_COMPILER_APPICON_NAME = AppIcon;
				DEVELOPMENT_TEAM = TFU2WWZ8G7;
				INFOPLIST_FILE = sampleUItest/Info.plist;
				LD_RUNPATH_SEARCH_PATHS = "$(inherited) @executable_path/Frameworks";
				PRODUCT_BUNDLE_IDENTIFIER = com.byteridge.GeenHouseCITest;
				PRODUCT_NAME = "$(TARGET_NAME)";
				PROVISIONING_PROFILE = "07fce8ba-0f17-4683-99cb-e3902cb203e9";
				PROVISIONING_PROFILE_SPECIFIER = GeenHouseCITest;
				SWIFT_VERSION = 2.3;
			};
			name = Release;
		};
		84B04DE41E686726001C5C16 /* Debug */ = {
			isa = XCBuildConfiguration;
			baseConfigurationReference = 95BFFD41FC5EBB1889836575 /* Pods-sampleUItestTests.debug.xcconfig */;
			buildSettings = {
				ALWAYS_EMBED_SWIFT_STANDARD_LIBRARIES = YES;
				BUNDLE_LOADER = "$(TEST_HOST)";
				"CODE_SIGN_IDENTITY[sdk=iphoneos*]" = "iPhone Developer";
				DEVELOPMENT_TEAM = TFU2WWZ8G7;
				INFOPLIST_FILE = sampleUItestTests/Info.plist;
				LD_RUNPATH_SEARCH_PATHS = "$(inherited) @executable_path/Frameworks @loader_path/Frameworks";
				PRODUCT_BUNDLE_IDENTIFIER = com.byteridge.sampleUItestTests;
				PRODUCT_NAME = "$(TARGET_NAME)";
				SWIFT_VERSION = 2.3;
				TEST_HOST = "$(BUILT_PRODUCTS_DIR)/sampleUItest.app/sampleUItest";
			};
			name = Debug;
		};
		84B04DE51E686726001C5C16 /* Release */ = {
			isa = XCBuildConfiguration;
			baseConfigurationReference = 0EFE2F8356B157E7DFD2453F /* Pods-sampleUItestTests.release.xcconfig */;
			buildSettings = {
				ALWAYS_EMBED_SWIFT_STANDARD_LIBRARIES = YES;
				BUNDLE_LOADER = "$(TEST_HOST)";
				DEVELOPMENT_TEAM = TFU2WWZ8G7;
				INFOPLIST_FILE = sampleUItestTests/Info.plist;
				LD_RUNPATH_SEARCH_PATHS = "$(inherited) @executable_path/Frameworks @loader_path/Frameworks";
				PRODUCT_BUNDLE_IDENTIFIER = com.byteridge.sampleUItestTests;
				PRODUCT_NAME = "$(TARGET_NAME)";
				SWIFT_VERSION = 2.3;
				TEST_HOST = "$(BUILT_PRODUCTS_DIR)/sampleUItest.app/sampleUItest";
			};
			name = Release;
		};
		84B04DE71E686726001C5C16 /* Debug */ = {
			isa = XCBuildConfiguration;
			baseConfigurationReference = F800EBC2E0B84F96CB7C868A /* Pods-sampleUItestUITests.debug.xcconfig */;
			buildSettings = {
				ALWAYS_EMBED_SWIFT_STANDARD_LIBRARIES = YES;
				DEVELOPMENT_TEAM = TFU2WWZ8G7;
				INFOPLIST_FILE = sampleUItestUITests/Info.plist;
				LD_RUNPATH_SEARCH_PATHS = "$(inherited) @executable_path/Frameworks @loader_path/Frameworks";
				PRODUCT_BUNDLE_IDENTIFIER = com.byteridge.sampleUItestUITests;
				PRODUCT_NAME = "$(TARGET_NAME)";
				PROVISIONING_PROFILE = "4184aa10-ac35-4f21-8acd-eaefae819fc7";
				PROVISIONING_PROFILE_SPECIFIER = ByteridgeGeneric;
				SWIFT_VERSION = 2.3;
				TEST_TARGET_NAME = sampleUItest;
			};
			name = Debug;
		};
		84B04DE81E686726001C5C16 /* Release */ = {
			isa = XCBuildConfiguration;
			baseConfigurationReference = 4AB378026BA69D87BC78BEBB /* Pods-sampleUItestUITests.release.xcconfig */;
			buildSettings = {
				ALWAYS_EMBED_SWIFT_STANDARD_LIBRARIES = YES;
				DEVELOPMENT_TEAM = TFU2WWZ8G7;
				INFOPLIST_FILE = sampleUItestUITests/Info.plist;
				LD_RUNPATH_SEARCH_PATHS = "$(inherited) @executable_path/Frameworks @loader_path/Frameworks";
				PRODUCT_BUNDLE_IDENTIFIER = com.byteridge.sampleUItestUITests;
				PRODUCT_NAME = "$(TARGET_NAME)";
				PROVISIONING_PROFILE = "4184aa10-ac35-4f21-8acd-eaefae819fc7";
				PROVISIONING_PROFILE_SPECIFIER = ByteridgeGeneric;
				SWIFT_VERSION = 2.3;
				TEST_TARGET_NAME = sampleUItest;
			};
			name = Release;
		};
/* End XCBuildConfiguration section */

/* Begin XCConfigurationList section */
		84B04DB31E68671E001C5C16 /* Build configuration list for PBXProject "sampleUItest" */ = {
			isa = XCConfigurationList;
			buildConfigurations = (
				84B04DDE1E686726001C5C16 /* Debug */,
				84B04DDF1E686726001C5C16 /* Release */,
			);
			defaultConfigurationIsVisible = 0;
			defaultConfigurationName = Release;
		};
		84B04DE01E686726001C5C16 /* Build configuration list for PBXNativeTarget "sampleUItest" */ = {
			isa = XCConfigurationList;
			buildConfigurations = (
				84B04DE11E686726001C5C16 /* Debug */,
				84B04DE21E686726001C5C16 /* Release */,
			);
			defaultConfigurationIsVisible = 0;
			defaultConfigurationName = Release;
		};
		84B04DE31E686726001C5C16 /* Build configuration list for PBXNativeTarget "sampleUItestTests" */ = {
			isa = XCConfigurationList;
			buildConfigurations = (
				84B04DE41E686726001C5C16 /* Debug */,
				84B04DE51E686726001C5C16 /* Release */,
			);
			defaultConfigurationIsVisible = 0;
			defaultConfigurationName = Release;
		};
		84B04DE61E686726001C5C16 /* Build configuration list for PBXNativeTarget "sampleUItestUITests" */ = {
			isa = XCConfigurationList;
			buildConfigurations = (
				84B04DE71E686726001C5C16 /* Debug */,
				84B04DE81E686726001C5C16 /* Release */,
			);
			defaultConfigurationIsVisible = 0;
			defaultConfigurationName = Release;
		};
/* End XCConfigurationList section */
	};
	rootObject = 84B04DB01E68671E001C5C16 /* Project object */;
}
